
Microsoft Visual Studio Solution File, Format Version 12.00
# Visual Studio 14
VisualStudioVersion = 14.0.23107.0
MinimumVisualStudioVersion = 10.0.40219.1
Project("{FAE04EC0-301F-11D3-BF4B-00C04F79EFBC}") = "VehicleRentalPOS", "VehicleRentalPOS\VehicleRentalPOS.csproj", "{EFC52B23-ABF5-4626-9FD7-E076FEB577C9}"
EndProject
Project("{FAE04EC0-301F-11D3-BF4B-00C04F79EFBC}") = "VehicleRentalPOS.Tests", "VehicleRentalPOS.Tests\VehicleRentalPOS.Tests.csproj", "{0E2A4999-9847-404A-A398-35A266E6024D}"
EndProject
Global
	GlobalSection(SolutionConfigurationPlatforms) = preSolution
		Debug|Any CPU = Debug|Any CPU
		Release|Any CPU = Release|Any CPU
	EndGlobalSection
	GlobalSection(ProjectConfigurationPlatforms) = postSolution
		{EFC52B23-ABF5-4626-9FD7-E076FEB577C9}.Debug|Any CPU.ActiveCfg = Debug|Any CPU
		{EFC52B23-ABF5-4626-9FD7-E076FEB577C9}.Debug|Any CPU.Build.0 = Debug|Any CPU
		{EFC52B23-ABF5-4626-9FD7-E076FEB577C9}.Release|Any CPU.ActiveCfg = Release|Any CPU
		{EFC52B23-ABF5-4626-9FD7-E076FEB577C9}.Release|Any CPU.Build.0 = Release|Any CPU
		{0E2A4999-9847-404A-A398-35A266E6024D}.Debug|Any CPU.ActiveCfg = Debug|Any CPU
		{0E2A4999-9847-404A-A398-35A266E6024D}.Debug|Any CPU.Build.0 = Debug|Any CPU
		{0E2A4999-9847-404A-A398-35A266E6024D}.Release|Any CPU.ActiveCfg = Release|Any CPU
		{0E2A4999-9847-404A-A398-35A266E6024D}.Release|Any CPU.Build.0 = Release|Any CPU
	EndGlobalSection
	GlobalSection(SolutionProperties) = preSolution
		HideSolutionNode = FALSE
	EndGlobalSection
EndGlobal
